
Microsoft Visual Studio Solution File, Format Version 12.00
# Visual Studio Version 16
VisualStudioVersion = 16.0.31410.357
MinimumVisualStudioVersion = 10.0.40219.1
Project("{6EC3EE1D-3C4E-46DD-8F32-0CC8E7565705}") = "FIDL", "FIDL\FIDL.fsproj", "{41CD7554-8C02-4411-9266-5F2B0027BAD2}"
EndProject
Project("{6EC3EE1D-3C4E-46DD-8F32-0CC8E7565705}") = "AST", "AST\AST.fsproj", "{F05E8208-1578-4C9A-8A5B-429BA175006B}"
EndProject
Project("{6EC3EE1D-3C4E-46DD-8F32-0CC8E7565705}") = "Parsing", "Parsing\Parsing.fsproj", "{BA0B3C9A-271F-4CE4-A13B-1A18781C038E}"
EndProject
Project("{6EC3EE1D-3C4E-46DD-8F32-0CC8E7565705}") = "Parsing.Tests", "Parsing.Tests\Parsing.Tests.fsproj", "{4F5CEC5A-FD01-4BD2-8B46-2EC1C9E3AD72}"
EndProject
Project("{9A19103F-16F7-4668-BE54-9A1E7A4F7556}") = "_build", "build\_build.csproj", "{8E1EF060-DEE6-4FB6-A489-A272FD87AA8F}"
EndProject
Project("{2150E333-8FDC-42A3-9474-1A3956D46DE8}") = "Solution Items", "Solution Items", "{778634A4-CBB4-4E21-A6D2-F0A9599A4600}"
	ProjectSection(SolutionItems) = preProject
		DesignDecisions.md = DesignDecisions.md
	EndProjectSection
EndProject
Project("{6EC3EE1D-3C4E-46DD-8F32-0CC8E7565705}") = "Unparsing", "Unparsing\Unparsing.fsproj", "{C6DE01F0-A197-4EE2-97E9-FA676D45EA9C}"
EndProject
Project("{2150E333-8FDC-42A3-9474-1A3956D46DE8}") = "Generators", "Generators", "{7D0FE824-CC7B-408E-A504-769FC029304D}"
EndProject
Project("{6EC3EE1D-3C4E-46DD-8F32-0CC8E7565705}") = "FIDLGenerator", "Generators\FIDLGenerator\FIDLGenerator.fsproj", "{B4911E25-0606-42F1-80C2-EB81BE703F03}"
EndProject
Project("{6EC3EE1D-3C4E-46DD-8F32-0CC8E7565705}") = "FIDLGenerator.Tests", "Generators\FIDLGenerator.Tests\FIDLGenerator.Tests.fsproj", "{873F28A7-3BD4-4337-B30D-387F7C0B3C20}"
EndProject
Project("{6EC3EE1D-3C4E-46DD-8F32-0CC8E7565705}") = "CSharpGenerator", "Generators\CSharpGenerator\CSharpGenerator.fsproj", "{36D5D088-655D-48E4-941A-A04D80AEDCD1}"
EndProject
Project("{6EC3EE1D-3C4E-46DD-8F32-0CC8E7565705}") = "CSharpGenerator.CLI", "Generators\CSharpGenerator.CLI\CSharpGenerator.CLI.fsproj", "{7FCBC4DF-B59D-4671-BBEE-6AA9BBC4D9E0}"
EndProject
Project("{6EC3EE1D-3C4E-46DD-8F32-0CC8E7565705}") = "CSharpGenerator.Tests", "Generators\CSharpGenerator.Tests\CSharpGenerator.Tests.fsproj", "{C9D753C5-2C1C-4BB8-B35F-458821E27499}"
EndProject
Project("{2150E333-8FDC-42A3-9474-1A3956D46DE8}") = "IntegrationTests", "IntegrationTests", "{D7D25531-2289-4682-977B-C7903C62DD4B}"
EndProject
Project("{2150E333-8FDC-42A3-9474-1A3956D46DE8}") = "ExampleAPI", "ExampleAPI", "{541C6E2C-6AA0-4A12-8945-F0275F7D54E7}"
	ProjectSection(SolutionItems) = preProject
		IntegrationTests\ExampleAPI\ExampleAPI.fidl = IntegrationTests\ExampleAPI\ExampleAPI.fidl
	EndProjectSection
EndProject
Global
	GlobalSection(SolutionConfigurationPlatforms) = preSolution
		Debug|Any CPU = Debug|Any CPU
		Release|Any CPU = Release|Any CPU
	EndGlobalSection
	GlobalSection(ProjectConfigurationPlatforms) = postSolution
		{41CD7554-8C02-4411-9266-5F2B0027BAD2}.Debug|Any CPU.ActiveCfg = Debug|Any CPU
		{41CD7554-8C02-4411-9266-5F2B0027BAD2}.Debug|Any CPU.Build.0 = Debug|Any CPU
		{41CD7554-8C02-4411-9266-5F2B0027BAD2}.Release|Any CPU.ActiveCfg = Release|Any CPU
		{41CD7554-8C02-4411-9266-5F2B0027BAD2}.Release|Any CPU.Build.0 = Release|Any CPU
		{F05E8208-1578-4C9A-8A5B-429BA175006B}.Debug|Any CPU.ActiveCfg = Debug|Any CPU
		{F05E8208-1578-4C9A-8A5B-429BA175006B}.Debug|Any CPU.Build.0 = Debug|Any CPU
		{F05E8208-1578-4C9A-8A5B-429BA175006B}.Release|Any CPU.ActiveCfg = Release|Any CPU
		{F05E8208-1578-4C9A-8A5B-429BA175006B}.Release|Any CPU.Build.0 = Release|Any CPU
		{BA0B3C9A-271F-4CE4-A13B-1A18781C038E}.Debug|Any CPU.ActiveCfg = Debug|Any CPU
		{BA0B3C9A-271F-4CE4-A13B-1A18781C038E}.Debug|Any CPU.Build.0 = Debug|Any CPU
		{BA0B3C9A-271F-4CE4-A13B-1A18781C038E}.Release|Any CPU.ActiveCfg = Release|Any CPU
		{BA0B3C9A-271F-4CE4-A13B-1A18781C038E}.Release|Any CPU.Build.0 = Release|Any CPU
		{4F5CEC5A-FD01-4BD2-8B46-2EC1C9E3AD72}.Debug|Any CPU.ActiveCfg = Debug|Any CPU
		{4F5CEC5A-FD01-4BD2-8B46-2EC1C9E3AD72}.Debug|Any CPU.Build.0 = Debug|Any CPU
		{4F5CEC5A-FD01-4BD2-8B46-2EC1C9E3AD72}.Release|Any CPU.ActiveCfg = Release|Any CPU
		{4F5CEC5A-FD01-4BD2-8B46-2EC1C9E3AD72}.Release|Any CPU.Build.0 = Release|Any CPU
		{8E1EF060-DEE6-4FB6-A489-A272FD87AA8F}.Debug|Any CPU.ActiveCfg = Debug|Any CPU
		{8E1EF060-DEE6-4FB6-A489-A272FD87AA8F}.Release|Any CPU.ActiveCfg = Release|Any CPU
		{C6DE01F0-A197-4EE2-97E9-FA676D45EA9C}.Debug|Any CPU.ActiveCfg = Debug|Any CPU
		{C6DE01F0-A197-4EE2-97E9-FA676D45EA9C}.Debug|Any CPU.Build.0 = Debug|Any CPU
		{C6DE01F0-A197-4EE2-97E9-FA676D45EA9C}.Release|Any CPU.ActiveCfg = Release|Any CPU
		{C6DE01F0-A197-4EE2-97E9-FA676D45EA9C}.Release|Any CPU.Build.0 = Release|Any CPU
		{B4911E25-0606-42F1-80C2-EB81BE703F03}.Debug|Any CPU.ActiveCfg = Debug|Any CPU
		{B4911E25-0606-42F1-80C2-EB81BE703F03}.Debug|Any CPU.Build.0 = Debug|Any CPU
		{B4911E25-0606-42F1-80C2-EB81BE703F03}.Release|Any CPU.ActiveCfg = Release|Any CPU
		{B4911E25-0606-42F1-80C2-EB81BE703F03}.Release|Any CPU.Build.0 = Release|Any CPU
		{873F28A7-3BD4-4337-B30D-387F7C0B3C20}.Debug|Any CPU.ActiveCfg = Debug|Any CPU
		{873F28A7-3BD4-4337-B30D-387F7C0B3C20}.Debug|Any CPU.Build.0 = Debug|Any CPU
		{873F28A7-3BD4-4337-B30D-387F7C0B3C20}.Release|Any CPU.ActiveCfg = Release|Any CPU
		{873F28A7-3BD4-4337-B30D-387F7C0B3C20}.Release|Any CPU.Build.0 = Release|Any CPU
		{36D5D088-655D-48E4-941A-A04D80AEDCD1}.Debug|Any CPU.ActiveCfg = Debug|Any CPU
		{36D5D088-655D-48E4-941A-A04D80AEDCD1}.Debug|Any CPU.Build.0 = Debug|Any CPU
		{36D5D088-655D-48E4-941A-A04D80AEDCD1}.Release|Any CPU.ActiveCfg = Release|Any CPU
		{36D5D088-655D-48E4-941A-A04D80AEDCD1}.Release|Any CPU.Build.0 = Release|Any CPU
		{7FCBC4DF-B59D-4671-BBEE-6AA9BBC4D9E0}.Debug|Any CPU.ActiveCfg = Debug|Any CPU
		{7FCBC4DF-B59D-4671-BBEE-6AA9BBC4D9E0}.Debug|Any CPU.Build.0 = Debug|Any CPU
		{7FCBC4DF-B59D-4671-BBEE-6AA9BBC4D9E0}.Release|Any CPU.ActiveCfg = Release|Any CPU
		{7FCBC4DF-B59D-4671-BBEE-6AA9BBC4D9E0}.Release|Any CPU.Build.0 = Release|Any CPU
		{C9D753C5-2C1C-4BB8-B35F-458821E27499}.Debug|Any CPU.ActiveCfg = Debug|Any CPU
		{C9D753C5-2C1C-4BB8-B35F-458821E27499}.Debug|Any CPU.Build.0 = Debug|Any CPU
		{C9D753C5-2C1C-4BB8-B35F-458821E27499}.Release|Any CPU.ActiveCfg = Release|Any CPU
		{C9D753C5-2C1C-4BB8-B35F-458821E27499}.Release|Any CPU.Build.0 = Release|Any CPU
	EndGlobalSection
	GlobalSection(SolutionProperties) = preSolution
		HideSolutionNode = FALSE
	EndGlobalSection
	GlobalSection(NestedProjects) = preSolution
		{B4911E25-0606-42F1-80C2-EB81BE703F03} = {7D0FE824-CC7B-408E-A504-769FC029304D}
		{873F28A7-3BD4-4337-B30D-387F7C0B3C20} = {7D0FE824-CC7B-408E-A504-769FC029304D}
		{36D5D088-655D-48E4-941A-A04D80AEDCD1} = {7D0FE824-CC7B-408E-A504-769FC029304D}
		{7FCBC4DF-B59D-4671-BBEE-6AA9BBC4D9E0} = {7D0FE824-CC7B-408E-A504-769FC029304D}
		{C9D753C5-2C1C-4BB8-B35F-458821E27499} = {7D0FE824-CC7B-408E-A504-769FC029304D}
		{541C6E2C-6AA0-4A12-8945-F0275F7D54E7} = {D7D25531-2289-4682-977B-C7903C62DD4B}
	EndGlobalSection
	GlobalSection(ExtensibilityGlobals) = postSolution
		SolutionGuid = {F62534A4-3186-4CB1-912D-1FAAAD1DBB68}
	EndGlobalSection
EndGlobal
